
Microsoft Visual Studio Solution File, Format Version 12.00
# Visual Studio Version 16
VisualStudioVersion = 16.0.32106.194
MinimumVisualStudioVersion = 10.0.40219.1
Project("{FAE04EC0-301F-11D3-BF4B-00C04F79EFBC}") = "HalilPazarlamaV3.0", "HalilPazarlamaV3.0\HalilPazarlamaV3.0.csproj", "{ED3A6B8A-4F1E-417C-970E-7C2BEED16E4D}"
EndProject
Global
	GlobalSection(SolutionConfigurationPlatforms) = preSolution
		Debug|Any CPU = Debug|Any CPU
		Release|Any CPU = Release|Any CPU
	EndGlobalSection
	GlobalSection(ProjectConfigurationPlatforms) = postSolution
		{ED3A6B8A-4F1E-417C-970E-7C2BEED16E4D}.Debug|Any CPU.ActiveCfg = Debug|Any CPU
		{ED3A6B8A-4F1E-417C-970E-7C2BEED16E4D}.Debug|Any CPU.Build.0 = Debug|Any CPU
		{ED3A6B8A-4F1E-417C-970E-7C2BEED16E4D}.Release|Any CPU.ActiveCfg = Release|Any CPU
		{ED3A6B8A-4F1E-417C-970E-7C2BEED16E4D}.Release|Any CPU.Build.0 = Release|Any CPU
	EndGlobalSection
	GlobalSection(SolutionProperties) = preSolution
		HideSolutionNode = FALSE
	EndGlobalSection
	GlobalSection(ExtensibilityGlobals) = postSolution
		SolutionGuid = {346083F7-79CC-4F34-8400-12F9801FE31E}
	EndGlobalSection
EndGlobal
